<?xml version="1.0" encoding="utf-8"?>
<Project ToolsVersion="4.0" xmlns="http://schemas.microsoft.com/developer/msbuild/2003">
  <ItemGroup>
    <Filter Include="Source Files"><UniqueIdentifier>{EB6C5252-50BA-4FF7-995A-742FB7912D33}</UniqueIdentifier></Filter>
    <Filter Include="Public Interfaces"><UniqueIdentifier>{739F9A23-C35E-41FA-A5B2-8AEC0E186FB2}</UniqueIdentifier></Filter>
  </ItemGroup>
  <ItemGroup>
    <ClCompile Include="GdiOrbit.cpp"><Filter>Source Files</Filter></ClCompile>
  </ItemGroup>
  <ItemGroup>
    <ClInclude Include="..\..\Common\PlugInterfaces\Factory.h"><Filter>Public Interfaces</Filter></ClInclude>
    <ClInclude Include="..\..\Common\PlugInterfaces\FactoryImpl.h"><Filter>Public Interfaces</Filter></ClInclude>
    <ClInclude Include="..\..\Common\PlugInterfaces\Host.h"><Filter>Public Interfaces</Filter></ClInclude>
    <ClInclude Include="..\..\Common\PlugInterfaces\Widget.h"><Filter>Public Interfaces</Filter></ClInclude>
  </ItemGroup>
</Project>
