Microsoft Visual Studio Solution File, Format Version 12.00
# Visual Studio Version 18
VisualStudioVersion = 18.0.11221.13
MinimumVisualStudioVersion = 10.0.40219.1
Project("{8BC9CEB8-8B4A-11D0-8D11-00A0C91BC942}") = "RedXe", "RedXe\RedXe.vcxproj", "{1F3635EF-3A59-45E2-A6B4-593D432C2651}"
EndProject
Project("{8BC9CEB8-8B4A-11D0-8D11-00A0C91BC942}") = "RotatingTriangle", "Plugins\RotatingTriangle\RotatingTriangle.vcxproj", "{6D7E78E8-B671-423A-9A15-3D1EF6DCA865}"
EndProject
Project("{8BC9CEB8-8B4A-11D0-8D11-00A0C91BC942}") = "GdiOrbit", "Plugins\GdiOrbit\GdiOrbit.vcxproj", "{A403C867-9CE6-4DE1-8792-7A628E41C2DF}"
EndProject
Project("{8BC9CEB8-8B4A-11D0-8D11-00A0C91BC942}") = "MatrixRain", "Plugins\MatrixRain\MatrixRain.vcxproj", "{CB7C57F4-4C2F-4BA8-9D83-58E0367B553A}"
EndProject
Project("{8BC9CEB8-8B4A-11D0-8D11-00A0C91BC942}") = "PluginContractTests", "Tests\PluginContractTests\PluginContractTests.vcxproj", "{50E1772F-7B89-4D31-8C89-83539806902B}"
EndProject
Project("{8BC9CEB8-8B4A-11D0-8D11-00A0C91BC942}") = "SettingsTests", "Tests\SettingsTests\SettingsTests.vcxproj", "{CE27A40C-03BE-4D36-9D9A-3F9282B9D327}"
EndProject
Project("{8BC9CEB8-8B4A-11D0-8D11-00A0C91BC942}") = "HostPluginTests", "Tests\HostPluginTests\HostPluginTests.vcxproj", "{87D7BBA2-7A44-4FCE-89EE-A3B9D9D4D4D1}"
EndProject
Project("{8BC9CEB8-8B4A-11D0-8D11-00A0C91BC942}") = "SystemData", "Plugins\SystemData\SystemData.vcxproj", "{B8571A4E-A8C8-4A68-A99C-80F0505F0E5F}"
EndProject
Project("{8BC9CEB8-8B4A-11D0-8D11-00A0C91BC942}") = "SystemDataTests", "Tests\SystemDataTests\SystemDataTests.vcxproj", "{D3EE1140-59FB-4A12-83E5-368579689787}"
EndProject
Project("{8BC9CEB8-8B4A-11D0-8D11-00A0C91BC942}") = "SystemDataPhase0", "Tests\SystemDataPhase0\SystemDataPhase0.vcxproj", "{7F3A9C2E-1B84-4D5A-A6E0-9C8B2D4F1E70}"
EndProject
Project("{8BC9CEB8-8B4A-11D0-8D11-00A0C91BC942}") = "ProcessViewer", "Plugins\ProcessViewer\ProcessViewer.vcxproj", "{D27760F5-D924-46EE-8139-B36726672731}"
EndProject
Project("{8BC9CEB8-8B4A-11D0-8D11-00A0C91BC942}") = "StudioClock", "Plugins\StudioClock\StudioClock.vcxproj", "{478846C6-C669-4194-805C-731D96D0021A}"
EndProject
Project("{8BC9CEB8-8B4A-11D0-8D11-00A0C91BC942}") = "StudioClockTests", "Tests\StudioClockTests\StudioClockTests.vcxproj", "{70C219C1-6D84-42C1-AD75-7CE9D635FE63}"
EndProject
Project("{8BC9CEB8-8B4A-11D0-8D11-00A0C91BC942}") = "DeskClock", "Plugins\DeskClock\DeskClock.vcxproj", "{C1F9CE0E-12D9-4E93-A4AA-370E7F7BC3FC}"
EndProject
Project("{8BC9CEB8-8B4A-11D0-8D11-00A0C91BC942}") = "DeskClockTests", "Tests\DeskClockTests\DeskClockTests.vcxproj", "{46029B0A-239D-4582-A8CA-D59D5F29F190}"
EndProject
Project("{8BC9CEB8-8B4A-11D0-8D11-00A0C91BC942}") = "Weather", "Plugins\Weather\Weather.vcxproj", "{8C4E1B27-6A91-4F3D-9E50-2B7D84C1A6E8}"
EndProject
Project("{8BC9CEB8-8B4A-11D0-8D11-00A0C91BC942}") = "WeatherTests", "Tests\WeatherTests\WeatherTests.vcxproj", "{B91C4E2A-7F15-4D83-9A6E-2C8F1B5D3047}"
EndProject
Project("{8BC9CEB8-8B4A-11D0-8D11-00A0C91BC942}") = "Launcher", "Plugins\Launcher\Launcher.vcxproj", "{B4E91C27-8F3A-4D6E-9C11-A7D25E84F019}"
EndProject
Project("{8BC9CEB8-8B4A-11D0-8D11-00A0C91BC942}") = "LauncherTests", "Tests\LauncherTests\LauncherTests.vcxproj", "{C8A14D55-2E70-4B9F-8A33-1F6C90D4B2E8}"
EndProject
Project("{8BC9CEB8-8B4A-11D0-8D11-00A0C91BC942}") = "WeatherLocation", "Plugins\WeatherLocation\WeatherLocation.vcxproj", "{A4EF63BE-1145-41FB-9CAC-E68CEB967A90}"
EndProject
Project("{8BC9CEB8-8B4A-11D0-8D11-00A0C91BC942}") = "AVControlTests", "Tests\AVControlTests\AVControlTests.vcxproj", "{DFB2AB75-7077-4A83-AB06-CA1A22347FA0}"
EndProject
Project("{8BC9CEB8-8B4A-11D0-8D11-00A0C91BC942}") = "AVControlBroker", "Plugins\AVControl\AVControlBroker.vcxproj", "{4D464220-EC4D-465E-ACDC-345A2C4A6ADF}"
EndProject
Project("{8BC9CEB8-8B4A-11D0-8D11-00A0C91BC942}") = "AVControl", "Plugins\AVControl\AVControl.vcxproj", "{8C35D7E4-A3FB-4E01-AF83-D4BC09F74A62}"
EndProject
Project("{8BC9CEB8-8B4A-11D0-8D11-00A0C91BC942}") = "AVControlCamera", "Plugins\AVControl\Camera\AVControlCamera.vcxproj", "{8667A79E-FB1C-457D-9760-7AA0836A6783}"
EndProject
Project("{8BC9CEB8-8B4A-11D0-8D11-00A0C91BC942}") = "AVControlCameraSetup", "Plugins\AVControl\Camera\AVControlCameraSetup.vcxproj", "{FD419B38-D8FD-4227-A662-374214D52AC4}"
EndProject
Global
	GlobalSection(SolutionConfigurationPlatforms) = preSolution
		Debug|ARM64 = Debug|ARM64
		ASan Debug|ARM64 = ASan Debug|ARM64
		Debug|x64 = Debug|x64
		ASan Debug|x64 = ASan Debug|x64
		Release|ARM64 = Release|ARM64
		Release|x64 = Release|x64
	EndGlobalSection
	GlobalSection(ProjectConfigurationPlatforms) = postSolution
		{FD419B38-D8FD-4227-A662-374214D52AC4}.Debug|x64.ActiveCfg = Debug|x64
		{FD419B38-D8FD-4227-A662-374214D52AC4}.ASan Debug|x64.ActiveCfg = ASan Debug|x64
		{FD419B38-D8FD-4227-A662-374214D52AC4}.Debug|x64.Build.0 = Debug|x64
		{FD419B38-D8FD-4227-A662-374214D52AC4}.ASan Debug|x64.Build.0 = ASan Debug|x64
		{FD419B38-D8FD-4227-A662-374214D52AC4}.Debug|ARM64.ActiveCfg = Debug|ARM64
		{FD419B38-D8FD-4227-A662-374214D52AC4}.ASan Debug|ARM64.ActiveCfg = ASan Debug|ARM64
		{FD419B38-D8FD-4227-A662-374214D52AC4}.Debug|ARM64.Build.0 = Debug|ARM64
		{FD419B38-D8FD-4227-A662-374214D52AC4}.ASan Debug|ARM64.Build.0 = ASan Debug|ARM64
		{FD419B38-D8FD-4227-A662-374214D52AC4}.Release|x64.ActiveCfg = Release|x64
		{FD419B38-D8FD-4227-A662-374214D52AC4}.Release|x64.Build.0 = Release|x64
		{FD419B38-D8FD-4227-A662-374214D52AC4}.Release|ARM64.ActiveCfg = Release|ARM64
		{FD419B38-D8FD-4227-A662-374214D52AC4}.Release|ARM64.Build.0 = Release|ARM64
		{8667A79E-FB1C-457D-9760-7AA0836A6783}.Debug|x64.ActiveCfg = Debug|x64
		{8667A79E-FB1C-457D-9760-7AA0836A6783}.ASan Debug|x64.ActiveCfg = ASan Debug|x64
		{8667A79E-FB1C-457D-9760-7AA0836A6783}.Debug|x64.Build.0 = Debug|x64
		{8667A79E-FB1C-457D-9760-7AA0836A6783}.ASan Debug|x64.Build.0 = ASan Debug|x64
		{8667A79E-FB1C-457D-9760-7AA0836A6783}.Debug|ARM64.ActiveCfg = Debug|ARM64
		{8667A79E-FB1C-457D-9760-7AA0836A6783}.ASan Debug|ARM64.ActiveCfg = ASan Debug|ARM64
		{8667A79E-FB1C-457D-9760-7AA0836A6783}.Debug|ARM64.Build.0 = Debug|ARM64
		{8667A79E-FB1C-457D-9760-7AA0836A6783}.ASan Debug|ARM64.Build.0 = ASan Debug|ARM64
		{8667A79E-FB1C-457D-9760-7AA0836A6783}.Release|x64.ActiveCfg = Release|x64
		{8667A79E-FB1C-457D-9760-7AA0836A6783}.Release|x64.Build.0 = Release|x64
		{8667A79E-FB1C-457D-9760-7AA0836A6783}.Release|ARM64.ActiveCfg = Release|ARM64
		{8667A79E-FB1C-457D-9760-7AA0836A6783}.Release|ARM64.Build.0 = Release|ARM64
		{8C35D7E4-A3FB-4E01-AF83-D4BC09F74A62}.Debug|x64.ActiveCfg = Debug|x64
		{8C35D7E4-A3FB-4E01-AF83-D4BC09F74A62}.ASan Debug|x64.ActiveCfg = ASan Debug|x64
		{8C35D7E4-A3FB-4E01-AF83-D4BC09F74A62}.Debug|x64.Build.0 = Debug|x64
		{8C35D7E4-A3FB-4E01-AF83-D4BC09F74A62}.ASan Debug|x64.Build.0 = ASan Debug|x64
		{8C35D7E4-A3FB-4E01-AF83-D4BC09F74A62}.Debug|ARM64.ActiveCfg = Debug|ARM64
		{8C35D7E4-A3FB-4E01-AF83-D4BC09F74A62}.ASan Debug|ARM64.ActiveCfg = ASan Debug|ARM64
		{8C35D7E4-A3FB-4E01-AF83-D4BC09F74A62}.Debug|ARM64.Build.0 = Debug|ARM64
		{8C35D7E4-A3FB-4E01-AF83-D4BC09F74A62}.ASan Debug|ARM64.Build.0 = ASan Debug|ARM64
		{8C35D7E4-A3FB-4E01-AF83-D4BC09F74A62}.Release|x64.ActiveCfg = Release|x64
		{8C35D7E4-A3FB-4E01-AF83-D4BC09F74A62}.Release|x64.Build.0 = Release|x64
		{8C35D7E4-A3FB-4E01-AF83-D4BC09F74A62}.Release|ARM64.ActiveCfg = Release|ARM64
		{8C35D7E4-A3FB-4E01-AF83-D4BC09F74A62}.Release|ARM64.Build.0 = Release|ARM64
        {A4EF63BE-1145-41FB-9CAC-E68CEB967A90}.Debug|ARM64.ActiveCfg = Debug|ARM64
        {A4EF63BE-1145-41FB-9CAC-E68CEB967A90}.ASan Debug|ARM64.ActiveCfg = ASan Debug|ARM64
        {A4EF63BE-1145-41FB-9CAC-E68CEB967A90}.Debug|ARM64.Build.0 = Debug|ARM64
        {A4EF63BE-1145-41FB-9CAC-E68CEB967A90}.ASan Debug|ARM64.Build.0 = ASan Debug|ARM64
        {A4EF63BE-1145-41FB-9CAC-E68CEB967A90}.Debug|x64.ActiveCfg = Debug|x64
        {A4EF63BE-1145-41FB-9CAC-E68CEB967A90}.ASan Debug|x64.ActiveCfg = ASan Debug|x64
        {A4EF63BE-1145-41FB-9CAC-E68CEB967A90}.Debug|x64.Build.0 = Debug|x64
        {A4EF63BE-1145-41FB-9CAC-E68CEB967A90}.ASan Debug|x64.Build.0 = ASan Debug|x64
        {A4EF63BE-1145-41FB-9CAC-E68CEB967A90}.Release|ARM64.ActiveCfg = Release|ARM64
        {A4EF63BE-1145-41FB-9CAC-E68CEB967A90}.Release|ARM64.Build.0 = Release|ARM64
        {A4EF63BE-1145-41FB-9CAC-E68CEB967A90}.Release|x64.ActiveCfg = Release|x64
        {A4EF63BE-1145-41FB-9CAC-E68CEB967A90}.Release|x64.Build.0 = Release|x64
		{1F3635EF-3A59-45E2-A6B4-593D432C2651}.Debug|ARM64.ActiveCfg = Debug|ARM64
		{1F3635EF-3A59-45E2-A6B4-593D432C2651}.ASan Debug|ARM64.ActiveCfg = ASan Debug|ARM64
		{1F3635EF-3A59-45E2-A6B4-593D432C2651}.Debug|ARM64.Build.0 = Debug|ARM64
		{1F3635EF-3A59-45E2-A6B4-593D432C2651}.ASan Debug|ARM64.Build.0 = ASan Debug|ARM64
		{1F3635EF-3A59-45E2-A6B4-593D432C2651}.Debug|x64.ActiveCfg = Debug|x64
		{1F3635EF-3A59-45E2-A6B4-593D432C2651}.ASan Debug|x64.ActiveCfg = ASan Debug|x64
		{1F3635EF-3A59-45E2-A6B4-593D432C2651}.Debug|x64.Build.0 = Debug|x64
		{1F3635EF-3A59-45E2-A6B4-593D432C2651}.ASan Debug|x64.Build.0 = ASan Debug|x64
		{1F3635EF-3A59-45E2-A6B4-593D432C2651}.Release|ARM64.ActiveCfg = Release|ARM64
		{1F3635EF-3A59-45E2-A6B4-593D432C2651}.Release|ARM64.Build.0 = Release|ARM64
		{1F3635EF-3A59-45E2-A6B4-593D432C2651}.Release|x64.ActiveCfg = Release|x64
		{1F3635EF-3A59-45E2-A6B4-593D432C2651}.Release|x64.Build.0 = Release|x64
		{6D7E78E8-B671-423A-9A15-3D1EF6DCA865}.Debug|ARM64.ActiveCfg = Debug|ARM64
		{6D7E78E8-B671-423A-9A15-3D1EF6DCA865}.ASan Debug|ARM64.ActiveCfg = ASan Debug|ARM64
		{6D7E78E8-B671-423A-9A15-3D1EF6DCA865}.Debug|ARM64.Build.0 = Debug|ARM64
		{6D7E78E8-B671-423A-9A15-3D1EF6DCA865}.ASan Debug|ARM64.Build.0 = ASan Debug|ARM64
		{6D7E78E8-B671-423A-9A15-3D1EF6DCA865}.Debug|x64.ActiveCfg = Debug|x64
		{6D7E78E8-B671-423A-9A15-3D1EF6DCA865}.ASan Debug|x64.ActiveCfg = ASan Debug|x64
		{6D7E78E8-B671-423A-9A15-3D1EF6DCA865}.Debug|x64.Build.0 = Debug|x64
		{6D7E78E8-B671-423A-9A15-3D1EF6DCA865}.ASan Debug|x64.Build.0 = ASan Debug|x64
		{6D7E78E8-B671-423A-9A15-3D1EF6DCA865}.Release|ARM64.ActiveCfg = Release|ARM64
		{6D7E78E8-B671-423A-9A15-3D1EF6DCA865}.Release|ARM64.Build.0 = Release|ARM64
		{6D7E78E8-B671-423A-9A15-3D1EF6DCA865}.Release|x64.ActiveCfg = Release|x64
		{6D7E78E8-B671-423A-9A15-3D1EF6DCA865}.Release|x64.Build.0 = Release|x64
		{A403C867-9CE6-4DE1-8792-7A628E41C2DF}.Debug|ARM64.ActiveCfg = Debug|ARM64
		{A403C867-9CE6-4DE1-8792-7A628E41C2DF}.ASan Debug|ARM64.ActiveCfg = ASan Debug|ARM64
		{A403C867-9CE6-4DE1-8792-7A628E41C2DF}.Debug|ARM64.Build.0 = Debug|ARM64
		{A403C867-9CE6-4DE1-8792-7A628E41C2DF}.ASan Debug|ARM64.Build.0 = ASan Debug|ARM64
		{A403C867-9CE6-4DE1-8792-7A628E41C2DF}.Debug|x64.ActiveCfg = Debug|x64
		{A403C867-9CE6-4DE1-8792-7A628E41C2DF}.ASan Debug|x64.ActiveCfg = ASan Debug|x64
		{A403C867-9CE6-4DE1-8792-7A628E41C2DF}.Debug|x64.Build.0 = Debug|x64
		{A403C867-9CE6-4DE1-8792-7A628E41C2DF}.ASan Debug|x64.Build.0 = ASan Debug|x64
		{A403C867-9CE6-4DE1-8792-7A628E41C2DF}.Release|ARM64.ActiveCfg = Release|ARM64
		{A403C867-9CE6-4DE1-8792-7A628E41C2DF}.Release|ARM64.Build.0 = Release|ARM64
		{A403C867-9CE6-4DE1-8792-7A628E41C2DF}.Release|x64.ActiveCfg = Release|x64
		{A403C867-9CE6-4DE1-8792-7A628E41C2DF}.Release|x64.Build.0 = Release|x64
		{CB7C57F4-4C2F-4BA8-9D83-58E0367B553A}.Debug|ARM64.ActiveCfg = Debug|ARM64
		{CB7C57F4-4C2F-4BA8-9D83-58E0367B553A}.ASan Debug|ARM64.ActiveCfg = ASan Debug|ARM64
		{CB7C57F4-4C2F-4BA8-9D83-58E0367B553A}.Debug|ARM64.Build.0 = Debug|ARM64
		{CB7C57F4-4C2F-4BA8-9D83-58E0367B553A}.ASan Debug|ARM64.Build.0 = ASan Debug|ARM64
		{CB7C57F4-4C2F-4BA8-9D83-58E0367B553A}.Debug|x64.ActiveCfg = Debug|x64
		{CB7C57F4-4C2F-4BA8-9D83-58E0367B553A}.ASan Debug|x64.ActiveCfg = ASan Debug|x64
		{CB7C57F4-4C2F-4BA8-9D83-58E0367B553A}.Debug|x64.Build.0 = Debug|x64
		{CB7C57F4-4C2F-4BA8-9D83-58E0367B553A}.ASan Debug|x64.Build.0 = ASan Debug|x64
		{CB7C57F4-4C2F-4BA8-9D83-58E0367B553A}.Release|ARM64.ActiveCfg = Release|ARM64
		{CB7C57F4-4C2F-4BA8-9D83-58E0367B553A}.Release|ARM64.Build.0 = Release|ARM64
		{CB7C57F4-4C2F-4BA8-9D83-58E0367B553A}.Release|x64.ActiveCfg = Release|x64
		{CB7C57F4-4C2F-4BA8-9D83-58E0367B553A}.Release|x64.Build.0 = Release|x64
		{50E1772F-7B89-4D31-8C89-83539806902B}.Debug|ARM64.ActiveCfg = Debug|ARM64
		{50E1772F-7B89-4D31-8C89-83539806902B}.ASan Debug|ARM64.ActiveCfg = ASan Debug|ARM64
		{50E1772F-7B89-4D31-8C89-83539806902B}.Debug|ARM64.Build.0 = Debug|ARM64
		{50E1772F-7B89-4D31-8C89-83539806902B}.ASan Debug|ARM64.Build.0 = ASan Debug|ARM64
		{50E1772F-7B89-4D31-8C89-83539806902B}.Debug|x64.ActiveCfg = Debug|x64
		{50E1772F-7B89-4D31-8C89-83539806902B}.ASan Debug|x64.ActiveCfg = ASan Debug|x64
		{50E1772F-7B89-4D31-8C89-83539806902B}.Debug|x64.Build.0 = Debug|x64
		{50E1772F-7B89-4D31-8C89-83539806902B}.ASan Debug|x64.Build.0 = ASan Debug|x64
		{50E1772F-7B89-4D31-8C89-83539806902B}.Release|ARM64.ActiveCfg = Release|ARM64
		{50E1772F-7B89-4D31-8C89-83539806902B}.Release|ARM64.Build.0 = Release|ARM64
		{50E1772F-7B89-4D31-8C89-83539806902B}.Release|x64.ActiveCfg = Release|x64
		{50E1772F-7B89-4D31-8C89-83539806902B}.Release|x64.Build.0 = Release|x64
		{CE27A40C-03BE-4D36-9D9A-3F9282B9D327}.Debug|ARM64.ActiveCfg = Debug|ARM64
		{CE27A40C-03BE-4D36-9D9A-3F9282B9D327}.ASan Debug|ARM64.ActiveCfg = ASan Debug|ARM64
		{CE27A40C-03BE-4D36-9D9A-3F9282B9D327}.Debug|ARM64.Build.0 = Debug|ARM64
		{CE27A40C-03BE-4D36-9D9A-3F9282B9D327}.ASan Debug|ARM64.Build.0 = ASan Debug|ARM64
		{CE27A40C-03BE-4D36-9D9A-3F9282B9D327}.Debug|x64.ActiveCfg = Debug|x64
		{CE27A40C-03BE-4D36-9D9A-3F9282B9D327}.ASan Debug|x64.ActiveCfg = ASan Debug|x64
		{CE27A40C-03BE-4D36-9D9A-3F9282B9D327}.Debug|x64.Build.0 = Debug|x64
		{CE27A40C-03BE-4D36-9D9A-3F9282B9D327}.ASan Debug|x64.Build.0 = ASan Debug|x64
		{CE27A40C-03BE-4D36-9D9A-3F9282B9D327}.Release|ARM64.ActiveCfg = Release|ARM64
		{CE27A40C-03BE-4D36-9D9A-3F9282B9D327}.Release|ARM64.Build.0 = Release|ARM64
		{CE27A40C-03BE-4D36-9D9A-3F9282B9D327}.Release|x64.ActiveCfg = Release|x64
		{CE27A40C-03BE-4D36-9D9A-3F9282B9D327}.Release|x64.Build.0 = Release|x64
		{87D7BBA2-7A44-4FCE-89EE-A3B9D9D4D4D1}.Debug|ARM64.ActiveCfg = Debug|ARM64
		{87D7BBA2-7A44-4FCE-89EE-A3B9D9D4D4D1}.ASan Debug|ARM64.ActiveCfg = ASan Debug|ARM64
		{87D7BBA2-7A44-4FCE-89EE-A3B9D9D4D4D1}.Debug|ARM64.Build.0 = Debug|ARM64
		{87D7BBA2-7A44-4FCE-89EE-A3B9D9D4D4D1}.ASan Debug|ARM64.Build.0 = ASan Debug|ARM64
		{87D7BBA2-7A44-4FCE-89EE-A3B9D9D4D4D1}.Debug|x64.ActiveCfg = Debug|x64
		{87D7BBA2-7A44-4FCE-89EE-A3B9D9D4D4D1}.ASan Debug|x64.ActiveCfg = ASan Debug|x64
		{87D7BBA2-7A44-4FCE-89EE-A3B9D9D4D4D1}.Debug|x64.Build.0 = Debug|x64
		{87D7BBA2-7A44-4FCE-89EE-A3B9D9D4D4D1}.ASan Debug|x64.Build.0 = ASan Debug|x64
		{87D7BBA2-7A44-4FCE-89EE-A3B9D9D4D4D1}.Release|ARM64.ActiveCfg = Release|ARM64
		{87D7BBA2-7A44-4FCE-89EE-A3B9D9D4D4D1}.Release|ARM64.Build.0 = Release|ARM64
		{87D7BBA2-7A44-4FCE-89EE-A3B9D9D4D4D1}.Release|x64.ActiveCfg = Release|x64
		{87D7BBA2-7A44-4FCE-89EE-A3B9D9D4D4D1}.Release|x64.Build.0 = Release|x64
		{B8571A4E-A8C8-4A68-A99C-80F0505F0E5F}.Debug|ARM64.ActiveCfg = Debug|ARM64
		{B8571A4E-A8C8-4A68-A99C-80F0505F0E5F}.ASan Debug|ARM64.ActiveCfg = ASan Debug|ARM64
		{B8571A4E-A8C8-4A68-A99C-80F0505F0E5F}.Debug|ARM64.Build.0 = Debug|ARM64
		{B8571A4E-A8C8-4A68-A99C-80F0505F0E5F}.ASan Debug|ARM64.Build.0 = ASan Debug|ARM64
		{B8571A4E-A8C8-4A68-A99C-80F0505F0E5F}.Debug|x64.ActiveCfg = Debug|x64
		{B8571A4E-A8C8-4A68-A99C-80F0505F0E5F}.ASan Debug|x64.ActiveCfg = ASan Debug|x64
		{B8571A4E-A8C8-4A68-A99C-80F0505F0E5F}.Debug|x64.Build.0 = Debug|x64
		{B8571A4E-A8C8-4A68-A99C-80F0505F0E5F}.ASan Debug|x64.Build.0 = ASan Debug|x64
		{B8571A4E-A8C8-4A68-A99C-80F0505F0E5F}.Release|ARM64.ActiveCfg = Release|ARM64
		{B8571A4E-A8C8-4A68-A99C-80F0505F0E5F}.Release|ARM64.Build.0 = Release|ARM64
		{B8571A4E-A8C8-4A68-A99C-80F0505F0E5F}.Release|x64.ActiveCfg = Release|x64
		{B8571A4E-A8C8-4A68-A99C-80F0505F0E5F}.Release|x64.Build.0 = Release|x64
		{D3EE1140-59FB-4A12-83E5-368579689787}.Debug|ARM64.ActiveCfg = Debug|ARM64
		{D3EE1140-59FB-4A12-83E5-368579689787}.ASan Debug|ARM64.ActiveCfg = ASan Debug|ARM64
		{D3EE1140-59FB-4A12-83E5-368579689787}.Debug|ARM64.Build.0 = Debug|ARM64
		{D3EE1140-59FB-4A12-83E5-368579689787}.ASan Debug|ARM64.Build.0 = ASan Debug|ARM64
		{D3EE1140-59FB-4A12-83E5-368579689787}.Debug|x64.ActiveCfg = Debug|x64
		{D3EE1140-59FB-4A12-83E5-368579689787}.ASan Debug|x64.ActiveCfg = ASan Debug|x64
		{D3EE1140-59FB-4A12-83E5-368579689787}.Debug|x64.Build.0 = Debug|x64
		{D3EE1140-59FB-4A12-83E5-368579689787}.ASan Debug|x64.Build.0 = ASan Debug|x64
		{D3EE1140-59FB-4A12-83E5-368579689787}.Release|ARM64.ActiveCfg = Release|ARM64
		{D3EE1140-59FB-4A12-83E5-368579689787}.Release|ARM64.Build.0 = Release|ARM64
		{D3EE1140-59FB-4A12-83E5-368579689787}.Release|x64.ActiveCfg = Release|x64
		{D3EE1140-59FB-4A12-83E5-368579689787}.Release|x64.Build.0 = Release|x64
		{7F3A9C2E-1B84-4D5A-A6E0-9C8B2D4F1E70}.Debug|ARM64.ActiveCfg = Debug|ARM64
		{7F3A9C2E-1B84-4D5A-A6E0-9C8B2D4F1E70}.ASan Debug|ARM64.ActiveCfg = ASan Debug|ARM64
		{7F3A9C2E-1B84-4D5A-A6E0-9C8B2D4F1E70}.Debug|ARM64.Build.0 = Debug|ARM64
		{7F3A9C2E-1B84-4D5A-A6E0-9C8B2D4F1E70}.ASan Debug|ARM64.Build.0 = ASan Debug|ARM64
		{7F3A9C2E-1B84-4D5A-A6E0-9C8B2D4F1E70}.Debug|x64.ActiveCfg = Debug|x64
		{7F3A9C2E-1B84-4D5A-A6E0-9C8B2D4F1E70}.ASan Debug|x64.ActiveCfg = ASan Debug|x64
		{7F3A9C2E-1B84-4D5A-A6E0-9C8B2D4F1E70}.Debug|x64.Build.0 = Debug|x64
		{7F3A9C2E-1B84-4D5A-A6E0-9C8B2D4F1E70}.ASan Debug|x64.Build.0 = ASan Debug|x64
		{7F3A9C2E-1B84-4D5A-A6E0-9C8B2D4F1E70}.Release|ARM64.ActiveCfg = Release|ARM64
		{7F3A9C2E-1B84-4D5A-A6E0-9C8B2D4F1E70}.Release|ARM64.Build.0 = Release|ARM64
		{7F3A9C2E-1B84-4D5A-A6E0-9C8B2D4F1E70}.Release|x64.ActiveCfg = Release|x64
		{7F3A9C2E-1B84-4D5A-A6E0-9C8B2D4F1E70}.Release|x64.Build.0 = Release|x64
		{D27760F5-D924-46EE-8139-B36726672731}.Debug|ARM64.ActiveCfg = Debug|ARM64
		{D27760F5-D924-46EE-8139-B36726672731}.ASan Debug|ARM64.ActiveCfg = ASan Debug|ARM64
		{D27760F5-D924-46EE-8139-B36726672731}.Debug|ARM64.Build.0 = Debug|ARM64
		{D27760F5-D924-46EE-8139-B36726672731}.ASan Debug|ARM64.Build.0 = ASan Debug|ARM64
		{D27760F5-D924-46EE-8139-B36726672731}.Debug|x64.ActiveCfg = Debug|x64
		{D27760F5-D924-46EE-8139-B36726672731}.ASan Debug|x64.ActiveCfg = ASan Debug|x64
		{D27760F5-D924-46EE-8139-B36726672731}.Debug|x64.Build.0 = Debug|x64
		{D27760F5-D924-46EE-8139-B36726672731}.ASan Debug|x64.Build.0 = ASan Debug|x64
		{D27760F5-D924-46EE-8139-B36726672731}.Release|ARM64.ActiveCfg = Release|ARM64
		{D27760F5-D924-46EE-8139-B36726672731}.Release|ARM64.Build.0 = Release|ARM64
		{D27760F5-D924-46EE-8139-B36726672731}.Release|x64.ActiveCfg = Release|x64
		{D27760F5-D924-46EE-8139-B36726672731}.Release|x64.Build.0 = Release|x64
		{478846C6-C669-4194-805C-731D96D0021A}.Debug|ARM64.ActiveCfg = Debug|ARM64
		{478846C6-C669-4194-805C-731D96D0021A}.ASan Debug|ARM64.ActiveCfg = ASan Debug|ARM64
		{478846C6-C669-4194-805C-731D96D0021A}.Debug|ARM64.Build.0 = Debug|ARM64
		{478846C6-C669-4194-805C-731D96D0021A}.ASan Debug|ARM64.Build.0 = ASan Debug|ARM64
		{478846C6-C669-4194-805C-731D96D0021A}.Debug|x64.ActiveCfg = Debug|x64
		{478846C6-C669-4194-805C-731D96D0021A}.ASan Debug|x64.ActiveCfg = ASan Debug|x64
		{478846C6-C669-4194-805C-731D96D0021A}.Debug|x64.Build.0 = Debug|x64
		{478846C6-C669-4194-805C-731D96D0021A}.ASan Debug|x64.Build.0 = ASan Debug|x64
		{478846C6-C669-4194-805C-731D96D0021A}.Release|ARM64.ActiveCfg = Release|ARM64
		{478846C6-C669-4194-805C-731D96D0021A}.Release|ARM64.Build.0 = Release|ARM64
		{478846C6-C669-4194-805C-731D96D0021A}.Release|x64.ActiveCfg = Release|x64
		{478846C6-C669-4194-805C-731D96D0021A}.Release|x64.Build.0 = Release|x64
		{70C219C1-6D84-42C1-AD75-7CE9D635FE63}.Debug|ARM64.ActiveCfg = Debug|ARM64
		{70C219C1-6D84-42C1-AD75-7CE9D635FE63}.ASan Debug|ARM64.ActiveCfg = ASan Debug|ARM64
		{70C219C1-6D84-42C1-AD75-7CE9D635FE63}.Debug|ARM64.Build.0 = Debug|ARM64
		{70C219C1-6D84-42C1-AD75-7CE9D635FE63}.ASan Debug|ARM64.Build.0 = ASan Debug|ARM64
		{70C219C1-6D84-42C1-AD75-7CE9D635FE63}.Debug|x64.ActiveCfg = Debug|x64
		{70C219C1-6D84-42C1-AD75-7CE9D635FE63}.ASan Debug|x64.ActiveCfg = ASan Debug|x64
		{70C219C1-6D84-42C1-AD75-7CE9D635FE63}.Debug|x64.Build.0 = Debug|x64
		{70C219C1-6D84-42C1-AD75-7CE9D635FE63}.ASan Debug|x64.Build.0 = ASan Debug|x64
		{70C219C1-6D84-42C1-AD75-7CE9D635FE63}.Release|ARM64.ActiveCfg = Release|ARM64
		{70C219C1-6D84-42C1-AD75-7CE9D635FE63}.Release|ARM64.Build.0 = Release|ARM64
		{70C219C1-6D84-42C1-AD75-7CE9D635FE63}.Release|x64.ActiveCfg = Release|x64
		{70C219C1-6D84-42C1-AD75-7CE9D635FE63}.Release|x64.Build.0 = Release|x64
		{C1F9CE0E-12D9-4E93-A4AA-370E7F7BC3FC}.Debug|ARM64.ActiveCfg = Debug|ARM64
		{C1F9CE0E-12D9-4E93-A4AA-370E7F7BC3FC}.ASan Debug|ARM64.ActiveCfg = ASan Debug|ARM64
		{C1F9CE0E-12D9-4E93-A4AA-370E7F7BC3FC}.Debug|ARM64.Build.0 = Debug|ARM64
		{C1F9CE0E-12D9-4E93-A4AA-370E7F7BC3FC}.ASan Debug|ARM64.Build.0 = ASan Debug|ARM64
		{C1F9CE0E-12D9-4E93-A4AA-370E7F7BC3FC}.Debug|x64.ActiveCfg = Debug|x64
		{C1F9CE0E-12D9-4E93-A4AA-370E7F7BC3FC}.ASan Debug|x64.ActiveCfg = ASan Debug|x64
		{C1F9CE0E-12D9-4E93-A4AA-370E7F7BC3FC}.Debug|x64.Build.0 = Debug|x64
		{C1F9CE0E-12D9-4E93-A4AA-370E7F7BC3FC}.ASan Debug|x64.Build.0 = ASan Debug|x64
		{C1F9CE0E-12D9-4E93-A4AA-370E7F7BC3FC}.Release|ARM64.ActiveCfg = Release|ARM64
		{C1F9CE0E-12D9-4E93-A4AA-370E7F7BC3FC}.Release|ARM64.Build.0 = Release|ARM64
		{C1F9CE0E-12D9-4E93-A4AA-370E7F7BC3FC}.Release|x64.ActiveCfg = Release|x64
		{C1F9CE0E-12D9-4E93-A4AA-370E7F7BC3FC}.Release|x64.Build.0 = Release|x64
		{46029B0A-239D-4582-A8CA-D59D5F29F190}.Debug|ARM64.ActiveCfg = Debug|ARM64
		{46029B0A-239D-4582-A8CA-D59D5F29F190}.ASan Debug|ARM64.ActiveCfg = ASan Debug|ARM64
		{46029B0A-239D-4582-A8CA-D59D5F29F190}.Debug|ARM64.Build.0 = Debug|ARM64
		{46029B0A-239D-4582-A8CA-D59D5F29F190}.ASan Debug|ARM64.Build.0 = ASan Debug|ARM64
		{46029B0A-239D-4582-A8CA-D59D5F29F190}.Debug|x64.ActiveCfg = Debug|x64
		{46029B0A-239D-4582-A8CA-D59D5F29F190}.ASan Debug|x64.ActiveCfg = ASan Debug|x64
		{46029B0A-239D-4582-A8CA-D59D5F29F190}.Debug|x64.Build.0 = Debug|x64
		{46029B0A-239D-4582-A8CA-D59D5F29F190}.ASan Debug|x64.Build.0 = ASan Debug|x64
		{46029B0A-239D-4582-A8CA-D59D5F29F190}.Release|ARM64.ActiveCfg = Release|ARM64
		{46029B0A-239D-4582-A8CA-D59D5F29F190}.Release|ARM64.Build.0 = Release|ARM64
		{46029B0A-239D-4582-A8CA-D59D5F29F190}.Release|x64.ActiveCfg = Release|x64
		{46029B0A-239D-4582-A8CA-D59D5F29F190}.Release|x64.Build.0 = Release|x64
		{8C4E1B27-6A91-4F3D-9E50-2B7D84C1A6E8}.Debug|ARM64.ActiveCfg = Debug|ARM64
		{8C4E1B27-6A91-4F3D-9E50-2B7D84C1A6E8}.ASan Debug|ARM64.ActiveCfg = ASan Debug|ARM64
		{8C4E1B27-6A91-4F3D-9E50-2B7D84C1A6E8}.Debug|ARM64.Build.0 = Debug|ARM64
		{8C4E1B27-6A91-4F3D-9E50-2B7D84C1A6E8}.ASan Debug|ARM64.Build.0 = ASan Debug|ARM64
		{8C4E1B27-6A91-4F3D-9E50-2B7D84C1A6E8}.Debug|x64.ActiveCfg = Debug|x64
		{8C4E1B27-6A91-4F3D-9E50-2B7D84C1A6E8}.ASan Debug|x64.ActiveCfg = ASan Debug|x64
		{8C4E1B27-6A91-4F3D-9E50-2B7D84C1A6E8}.Debug|x64.Build.0 = Debug|x64
		{8C4E1B27-6A91-4F3D-9E50-2B7D84C1A6E8}.ASan Debug|x64.Build.0 = ASan Debug|x64
		{8C4E1B27-6A91-4F3D-9E50-2B7D84C1A6E8}.Release|ARM64.ActiveCfg = Release|ARM64
		{8C4E1B27-6A91-4F3D-9E50-2B7D84C1A6E8}.Release|ARM64.Build.0 = Release|ARM64
		{8C4E1B27-6A91-4F3D-9E50-2B7D84C1A6E8}.Release|x64.ActiveCfg = Release|x64
		{8C4E1B27-6A91-4F3D-9E50-2B7D84C1A6E8}.Release|x64.Build.0 = Release|x64
		{B91C4E2A-7F15-4D83-9A6E-2C8F1B5D3047}.Debug|ARM64.ActiveCfg = Debug|ARM64
		{B91C4E2A-7F15-4D83-9A6E-2C8F1B5D3047}.ASan Debug|ARM64.ActiveCfg = ASan Debug|ARM64
		{B91C4E2A-7F15-4D83-9A6E-2C8F1B5D3047}.Debug|ARM64.Build.0 = Debug|ARM64
		{B91C4E2A-7F15-4D83-9A6E-2C8F1B5D3047}.ASan Debug|ARM64.Build.0 = ASan Debug|ARM64
		{B91C4E2A-7F15-4D83-9A6E-2C8F1B5D3047}.Debug|x64.ActiveCfg = Debug|x64
		{B91C4E2A-7F15-4D83-9A6E-2C8F1B5D3047}.ASan Debug|x64.ActiveCfg = ASan Debug|x64
		{B91C4E2A-7F15-4D83-9A6E-2C8F1B5D3047}.Debug|x64.Build.0 = Debug|x64
		{B91C4E2A-7F15-4D83-9A6E-2C8F1B5D3047}.ASan Debug|x64.Build.0 = ASan Debug|x64
		{B91C4E2A-7F15-4D83-9A6E-2C8F1B5D3047}.Release|ARM64.ActiveCfg = Release|ARM64
		{B91C4E2A-7F15-4D83-9A6E-2C8F1B5D3047}.Release|ARM64.Build.0 = Release|ARM64
		{B91C4E2A-7F15-4D83-9A6E-2C8F1B5D3047}.Release|x64.ActiveCfg = Release|x64
		{B91C4E2A-7F15-4D83-9A6E-2C8F1B5D3047}.Release|x64.Build.0 = Release|x64
		{B4E91C27-8F3A-4D6E-9C11-A7D25E84F019}.Debug|ARM64.ActiveCfg = Debug|ARM64
		{B4E91C27-8F3A-4D6E-9C11-A7D25E84F019}.ASan Debug|ARM64.ActiveCfg = ASan Debug|ARM64
		{B4E91C27-8F3A-4D6E-9C11-A7D25E84F019}.Debug|ARM64.Build.0 = Debug|ARM64
		{B4E91C27-8F3A-4D6E-9C11-A7D25E84F019}.ASan Debug|ARM64.Build.0 = ASan Debug|ARM64
		{B4E91C27-8F3A-4D6E-9C11-A7D25E84F019}.Debug|x64.ActiveCfg = Debug|x64
		{B4E91C27-8F3A-4D6E-9C11-A7D25E84F019}.ASan Debug|x64.ActiveCfg = ASan Debug|x64
		{B4E91C27-8F3A-4D6E-9C11-A7D25E84F019}.Debug|x64.Build.0 = Debug|x64
		{B4E91C27-8F3A-4D6E-9C11-A7D25E84F019}.ASan Debug|x64.Build.0 = ASan Debug|x64
		{B4E91C27-8F3A-4D6E-9C11-A7D25E84F019}.Release|ARM64.ActiveCfg = Release|ARM64
		{B4E91C27-8F3A-4D6E-9C11-A7D25E84F019}.Release|ARM64.Build.0 = Release|ARM64
		{B4E91C27-8F3A-4D6E-9C11-A7D25E84F019}.Release|x64.ActiveCfg = Release|x64
		{B4E91C27-8F3A-4D6E-9C11-A7D25E84F019}.Release|x64.Build.0 = Release|x64
		{C8A14D55-2E70-4B9F-8A33-1F6C90D4B2E8}.Debug|ARM64.ActiveCfg = Debug|ARM64
		{C8A14D55-2E70-4B9F-8A33-1F6C90D4B2E8}.ASan Debug|ARM64.ActiveCfg = ASan Debug|ARM64
		{C8A14D55-2E70-4B9F-8A33-1F6C90D4B2E8}.Debug|ARM64.Build.0 = Debug|ARM64
		{C8A14D55-2E70-4B9F-8A33-1F6C90D4B2E8}.ASan Debug|ARM64.Build.0 = ASan Debug|ARM64
		{C8A14D55-2E70-4B9F-8A33-1F6C90D4B2E8}.Debug|x64.ActiveCfg = Debug|x64
		{C8A14D55-2E70-4B9F-8A33-1F6C90D4B2E8}.ASan Debug|x64.ActiveCfg = ASan Debug|x64
		{C8A14D55-2E70-4B9F-8A33-1F6C90D4B2E8}.Debug|x64.Build.0 = Debug|x64
		{C8A14D55-2E70-4B9F-8A33-1F6C90D4B2E8}.ASan Debug|x64.Build.0 = ASan Debug|x64
		{C8A14D55-2E70-4B9F-8A33-1F6C90D4B2E8}.Release|ARM64.ActiveCfg = Release|ARM64
		{C8A14D55-2E70-4B9F-8A33-1F6C90D4B2E8}.Release|ARM64.Build.0 = Release|ARM64
		{C8A14D55-2E70-4B9F-8A33-1F6C90D4B2E8}.Release|x64.ActiveCfg = Release|x64
		{C8A14D55-2E70-4B9F-8A33-1F6C90D4B2E8}.Release|x64.Build.0 = Release|x64
		{DFB2AB75-7077-4A83-AB06-CA1A22347FA0}.Debug|x64.ActiveCfg = Debug|x64
		{DFB2AB75-7077-4A83-AB06-CA1A22347FA0}.ASan Debug|x64.ActiveCfg = ASan Debug|x64
		{DFB2AB75-7077-4A83-AB06-CA1A22347FA0}.Debug|x64.Build.0 = Debug|x64
		{DFB2AB75-7077-4A83-AB06-CA1A22347FA0}.ASan Debug|x64.Build.0 = ASan Debug|x64
		{DFB2AB75-7077-4A83-AB06-CA1A22347FA0}.Debug|ARM64.ActiveCfg = Debug|ARM64
		{DFB2AB75-7077-4A83-AB06-CA1A22347FA0}.ASan Debug|ARM64.ActiveCfg = ASan Debug|ARM64
		{DFB2AB75-7077-4A83-AB06-CA1A22347FA0}.Debug|ARM64.Build.0 = Debug|ARM64
		{DFB2AB75-7077-4A83-AB06-CA1A22347FA0}.ASan Debug|ARM64.Build.0 = ASan Debug|ARM64
		{DFB2AB75-7077-4A83-AB06-CA1A22347FA0}.Release|x64.ActiveCfg = Release|x64
		{DFB2AB75-7077-4A83-AB06-CA1A22347FA0}.Release|x64.Build.0 = Release|x64
		{DFB2AB75-7077-4A83-AB06-CA1A22347FA0}.Release|ARM64.ActiveCfg = Release|ARM64
		{DFB2AB75-7077-4A83-AB06-CA1A22347FA0}.Release|ARM64.Build.0 = Release|ARM64
		{4D464220-EC4D-465E-ACDC-345A2C4A6ADF}.Debug|x64.ActiveCfg = Debug|x64
		{4D464220-EC4D-465E-ACDC-345A2C4A6ADF}.ASan Debug|x64.ActiveCfg = ASan Debug|x64
		{4D464220-EC4D-465E-ACDC-345A2C4A6ADF}.Debug|x64.Build.0 = Debug|x64
		{4D464220-EC4D-465E-ACDC-345A2C4A6ADF}.ASan Debug|x64.Build.0 = ASan Debug|x64
		{4D464220-EC4D-465E-ACDC-345A2C4A6ADF}.Debug|ARM64.ActiveCfg = Debug|ARM64
		{4D464220-EC4D-465E-ACDC-345A2C4A6ADF}.ASan Debug|ARM64.ActiveCfg = ASan Debug|ARM64
		{4D464220-EC4D-465E-ACDC-345A2C4A6ADF}.Debug|ARM64.Build.0 = Debug|ARM64
		{4D464220-EC4D-465E-ACDC-345A2C4A6ADF}.ASan Debug|ARM64.Build.0 = ASan Debug|ARM64
		{4D464220-EC4D-465E-ACDC-345A2C4A6ADF}.Release|x64.ActiveCfg = Release|x64
		{4D464220-EC4D-465E-ACDC-345A2C4A6ADF}.Release|x64.Build.0 = Release|x64
		{4D464220-EC4D-465E-ACDC-345A2C4A6ADF}.Release|ARM64.ActiveCfg = Release|ARM64
		{4D464220-EC4D-465E-ACDC-345A2C4A6ADF}.Release|ARM64.Build.0 = Release|ARM64
	EndGlobalSection
	GlobalSection(SolutionProperties) = preSolution
		HideSolutionNode = FALSE
	EndGlobalSection
EndGlobal
