<?xml version="1.0" encoding="utf-8"?>
<Project ToolsVersion="4.0" xmlns="http://schemas.microsoft.com/developer/msbuild/2003">
  <ItemGroup>
    <Filter Include="Source Files"><UniqueIdentifier>{8031D44F-4C7A-402C-B583-D8BBD2E7CC4F}</UniqueIdentifier></Filter>
    <Filter Include="Public Interfaces"><UniqueIdentifier>{9890D3DE-C3D6-4509-BE2E-2B0E8780A5A7}</UniqueIdentifier></Filter>
  </ItemGroup>
  <ItemGroup><ClCompile Include="SystemData.cpp"><Filter>Source Files</Filter></ClCompile></ItemGroup>
  <ItemGroup>
    <ClInclude Include="..\..\Common\PlugInterfaces\DataProvider.h"><Filter>Public Interfaces</Filter></ClInclude>
    <ClInclude Include="..\..\Common\PlugInterfaces\Factory.h"><Filter>Public Interfaces</Filter></ClInclude>
    <ClInclude Include="..\..\Common\PlugInterfaces\FactoryImpl.h"><Filter>Public Interfaces</Filter></ClInclude>
    <ClInclude Include="..\..\Common\PlugInterfaces\Host.h"><Filter>Public Interfaces</Filter></ClInclude>
  </ItemGroup>
</Project>
