<?xml version="1.0" encoding="utf-8"?>
<Project ToolsVersion="4.0" xmlns="http://schemas.microsoft.com/developer/msbuild/2003">
  <ItemGroup>
    <ClCompile Include="PluginHost.cpp">
      <Filter>Source Files</Filter>
    </ClCompile>
    <Filter Include="Source Files">
      <UniqueIdentifier>{B1F14330-4B96-4D52-8215-00F3EC406474}</UniqueIdentifier>
      <Extensions>cpp;c;cxx</Extensions>
    </Filter>
    <Filter Include="Header Files">
      <UniqueIdentifier>{C3194FE9-B036-4884-99C8-0AB39D527530}</UniqueIdentifier>
      <Extensions>h;hpp;hxx</Extensions>
    </Filter>
    <Filter Include="Resource Files">
      <UniqueIdentifier>{248BFCAF-F316-4FD6-88D5-54BC15D5D0E6}</UniqueIdentifier>
      <Extensions>manifest;ico;rc</Extensions>
    </Filter>
  </ItemGroup>
  <ItemGroup>
    <ClInclude Include="..\Common\PlugInterfaces\Data.h">
      <Filter>Header Files</Filter>
    </ClInclude>
    <ClInclude Include="..\Common\PlugInterfaces\Host.h">
      <Filter>Header Files</Filter>
    </ClInclude>
    <ClCompile Include="Application.cpp">
      <Filter>Source Files</Filter>
    </ClCompile>
    <ClCompile Include="CrashHandler.cpp">
      <Filter>Source Files</Filter>
    </ClCompile>
    <ClCompile Include="DashboardHost.cpp">
      <Filter>Source Files</Filter>
    </ClCompile>
    <ClCompile Include="Main.cpp">
      <Filter>Source Files</Filter>
    </ClCompile>
    <ClCompile Include="PluginManager.cpp">
      <Filter>Source Files</Filter>
    </ClCompile>
    <ClCompile Include="Renderer.cpp">
      <Filter>Source Files</Filter>
    </ClCompile>
    <ClCompile Include="Settings.cpp">
      <Filter>Source Files</Filter>
    </ClCompile>
    <ClCompile Include="SettingsWatcher.cpp">
      <Filter>Source Files</Filter>
    </ClCompile>
  </ItemGroup>
  <ItemGroup>
    <ClInclude Include="..\Common\PlugInterfaces\Widget.h">
      <Filter>Header Files</Filter>
    </ClInclude>
    <ClInclude Include="Application.h">
      <Filter>Header Files</Filter>
    </ClInclude>
    <ClInclude Include="BundledPlugins.h">
      <Filter>Header Files</Filter>
    </ClInclude>
    <ClInclude Include="CrashHandler.h">
      <Filter>Header Files</Filter>
    </ClInclude>
    <ClInclude Include="PluginHost.h">
      <Filter>Header Files</Filter>
    </ClInclude>
    <ClInclude Include="DashboardHost.h">
      <Filter>Header Files</Filter>
    </ClInclude>
    <ClInclude Include="FrameScheduler.h">
      <Filter>Header Files</Filter>
    </ClInclude>
    <ClInclude Include="PageNavigation.h">
      <Filter>Header Files</Filter>
    </ClInclude>
    <ClInclude Include="PluginManager.h">
      <Filter>Header Files</Filter>
    </ClInclude>
    <ClInclude Include="AdapterSelection.h">
      <Filter>Header Files</Filter>
    </ClInclude>
    <ClInclude Include="Renderer.h">
      <Filter>Header Files</Filter>
    </ClInclude>
    <ClInclude Include="resource.h">
      <Filter>Header Files</Filter>
    </ClInclude>
    <ClInclude Include="Settings.h">
      <Filter>Header Files</Filter>
    </ClInclude>
    <ClInclude Include="SettingsWatcher.h">
      <Filter>Header Files</Filter>
    </ClInclude>
  </ItemGroup>
  <ItemGroup>
    <Manifest Include="app.manifest">
      <Filter>Resource Files</Filter>
    </Manifest>
    <ResourceCompile Include="RedXe.rc">
      <Filter>Resource Files</Filter>
    </ResourceCompile>
    <Image Include="assets\redxe-xenon.ico">
      <Filter>Resource Files</Filter>
    </Image>
    <None Include="assets\redxe-xenon-master.png">
      <Filter>Resource Files</Filter>
    </None>
    <None Include="..\Settings\RedXe-debug.settings.json">
      <Filter>Resource Files</Filter>
    </None>
    <None Include="..\Settings\RedXe.settings.json">
      <Filter>Resource Files</Filter>
    </None>
    <None Include="..\Specs\Settings.schema.json">
      <Filter>Resource Files</Filter>
    </None>
  </ItemGroup>
</Project>
